
Microsoft Visual Studio Solution File, Format Version 12.00
# Visual Studio Version 17
VisualStudioVersion = 17.10.35201.131
MinimumVisualStudioVersion = 10.0.40219.1
Project("{FAE04EC0-301F-11D3-BF4B-00C04F79EFBC}") = "ECSharp", "ECSharp\ECSharp.csproj", "{78FDEA6B-6988-4C00-9723-3C0E81ABEA7E}"
EndProject
Global
	GlobalSection(SolutionConfigurationPlatforms) = preSolution
		Debug|Any CPU = Debug|Any CPU
		Release|Any CPU = Release|Any CPU
	EndGlobalSection
	GlobalSection(ProjectConfigurationPlatforms) = postSolution
		{78FDEA6B-6988-4C00-9723-3C0E81ABEA7E}.Debug|Any CPU.ActiveCfg = Debug|Any CPU
		{78FDEA6B-6988-4C00-9723-3C0E81ABEA7E}.Debug|Any CPU.Build.0 = Debug|Any CPU
		{78FDEA6B-6988-4C00-9723-3C0E81ABEA7E}.Release|Any CPU.ActiveCfg = Release|Any CPU
		{78FDEA6B-6988-4C00-9723-3C0E81ABEA7E}.Release|Any CPU.Build.0 = Release|Any CPU
	EndGlobalSection
	GlobalSection(SolutionProperties) = preSolution
		HideSolutionNode = FALSE
	EndGlobalSection
	GlobalSection(ExtensibilityGlobals) = postSolution
		SolutionGuid = {29AC7B53-1692-4F3B-B361-83D58C9C8A08}
	EndGlobalSection
EndGlobal
